
Microsoft Visual Studio Solution File, Format Version 12.00
# Visual Studio 15
VisualStudioVersion = 15.0.28010.2003
MinimumVisualStudioVersion = 10.0.40219.1
Project("{FAE04EC0-301F-11D3-BF4B-00C04F79EFBC}") = "ConversaoGalaoLitroUITest", "ConversaoGalaoLitroUITest\ConversaoGalaoLitroUITest.csproj", "{499FB7F5-2AA6-40ED-873A-41C457091498}"
EndProject
Global
	GlobalSection(SolutionConfigurationPlatforms) = preSolution
		Debug|Any CPU = Debug|Any CPU
		Release|Any CPU = Release|Any CPU
	EndGlobalSection
	GlobalSection(ProjectConfigurationPlatforms) = postSolution
		{499FB7F5-2AA6-40ED-873A-41C457091498}.Debug|Any CPU.ActiveCfg = Debug|Any CPU
		{499FB7F5-2AA6-40ED-873A-41C457091498}.Debug|Any CPU.Build.0 = Debug|Any CPU
		{499FB7F5-2AA6-40ED-873A-41C457091498}.Release|Any CPU.ActiveCfg = Release|Any CPU
		{499FB7F5-2AA6-40ED-873A-41C457091498}.Release|Any CPU.Build.0 = Release|Any CPU
	EndGlobalSection
	GlobalSection(SolutionProperties) = preSolution
		HideSolutionNode = FALSE
	EndGlobalSection
	GlobalSection(ExtensibilityGlobals) = postSolution
		SolutionGuid = {362C3413-9CBF-466C-8DB4-147634B6E567}
	EndGlobalSection
EndGlobal
